// !$*UTF8*$!
{
	archiveVersion = 1;
	classes = {
	};
	objectVersion = 46;
	objects = {
		956A9A109B11C36B19A76551 = {
			isa = PBXBuildFile;
			fileRef = CE3C4222DEC3238722C3F509;
		};
		B156A6678A669903496E7E42 = {
			isa = PBXBuildFile;
			fileRef = 66C839285DD9CCEF3EB67ECD;
		};
		890DF45C17265D9A2D2DB941 = {
			isa = PBXBuildFile;
			fileRef = 86785150F1780F23843A3C8C;
		};
		1878A2C7E7CF2C9BFD25A06B = {
			isa = PBXBuildFile;
			fileRef = 44506EBDD0F51CC4FE8BFD0F;
		};
		FA4148195505F09468E3CE16 = {
			isa = PBXBuildFile;
			fileRef = 65962C6FA98F0FD139666933;
		};
		F49E08706B179F3F38AA17D4 = {
			isa = PBXBuildFile;
			fileRef = 2E7E0C93B6752CB3D90B7118;
		};
		C04E896903F94842709B9AC7 = {
			isa = PBXBuildFile;
			fileRef = 57A3FDE20BEC9994063DB917;
		};
		DB75082D30157347F86A1797 = {
			isa = PBXBuildFile;
			fileRef = F64C6713A4420824D4123860;
		};
		B16845179719A02E762DE4C8 = {
			isa = PBXBuildFile;
			fileRef = 0A35E0540A8B04DC2F2F8C2E;
		};
		F75BCC42F28B07EF37C97BC1 = {
			isa = PBXBuildFile;
			fileRef = 5D29D397E87ABDFA17CD84DD;
		};
		CA97B7550931680761E1E169 = {
			isa = PBXBuildFile;
			fileRef = DC9F170DC96C16862BE4C7E8;
		};
		CBD76A7D849072818F40CDFF = {
			isa = PBXBuildFile;
			fileRef = 5836E0ABBE001F1360C55B60;
		};
		8B31871A99E5967761F29008 = {
			isa = PBXBuildFile;
			fileRef = 392CA55CAE9D301EF8FB08D5;
		};
		14E5D5751F32CFCB7E093750 = {
			isa = PBXBuildFile;
			fileRef = 9A900C557308B8033BEC32D6;
		};
		27117E027E82180C671E4FF0 = {
			isa = PBXBuildFile;
			fileRef = 6A342D33258EC557425A5DA2;
		};
		65B9BAD9D32EE204B0E33368 = {
			isa = PBXBuildFile;
			fileRef = F9F329A0CD9A4E8CC15B5F88;
		};
		7F8FD76FE3AA8B1EBCB7EE88 = {
			isa = PBXBuildFile;
			fileRef = 2A1BF576B3102DE806C65214;
		};
		4FF6FDE8AF8039C66D7D7F25 = {
			isa = PBXBuildFile;
			fileRef = 3F6B96F5BBC584BD66A31566;
		};
		3BF54BD45D62857D8F0E5BEE = {
			isa = PBXBuildFile;
			fileRef = 94A629E732520791B69460EC;
		};
		93E57B89D162B5D5AC4334D1 = {
			isa = PBXBuildFile;
			fileRef = C521B092AD72636009CB9FE7;
		};
		C042DFBF43DB19D18D8578A0 = {
			isa = PBXBuildFile;
			fileRef = 8D50453AE7D6A885765E61F2;
		};
		E8A69AAED1D9B786B325BD69 = {
			isa = PBXBuildFile;
			fileRef = 0165C48884AD3A6C372AFDCB;
		};
		22492385293DFE8FE3768C4C = {
			isa = PBXBuildFile;
			fileRef = 87935D7D2EE0866CF6B00A8A;
		};
		9140FBC959D69B82640D6ABE = {
			isa = PBXBuildFile;
			fileRef = 4042D4BD8A5514783FC6222E;
		};
		2D65BE78D5F508FD9A8EEE98 = {
			isa = PBXBuildFile;
			fileRef = 957C522E3A09BE45DBAFFD5A;
		};
		8BD95F908B86734C96F271CD = {
			isa = PBXBuildFile;
			fileRef = 800406F4BAB6D4B230B080FB;
		};
		D2DAD9EE4CA96F2CC57B59EF = {
			isa = PBXBuildFile;
			fileRef = AF5E241C55BE0F2A432D40F9;
		};
		91D7E5BED6C12327AA34537C = {
			isa = PBXBuildFile;
			fileRef = 6E78326A4642FD2BE11DA41E;
		};
		ACFD9FE63A50F49F6B26F3AC = {
			isa = PBXBuildFile;
			fileRef = CAB3CDD6B69095B744BB1949;
		};
		B458866B6F50F7BD2FBF5571 = {
			isa = PBXBuildFile;
			fileRef = 455670499E17D77291F4F400;
		};
		7D2D619A0F6E132672AA130E = {
			isa = PBXBuildFile;
			fileRef = B05538CF378BA4A994C9ADE3;
		};
		A837692CB147388ACBA5E938 = {
			isa = PBXBuildFile;
			fileRef = 60F1ACF5F83FF9FB02A73B8B;
		};
		33B4E96EE841D67BC1B4587C = {
			isa = PBXBuildFile;
			fileRef = 30F85E91FD99AB3B9FB28BF1;
		};
		CF18BF284C0853EEF95BF424 = {
			isa = PBXBuildFile;
			fileRef = E48BC3863D3A8834A615E671;
		};
		DAE17482A7D650FB2AB506E8 = {
			isa = PBXBuildFile;
			fileRef = ABF893564A2C1B45BBEDA0AC;
		};
		0BF3E688A3AAD93DBA382A8F = {
			isa = PBXBuildFile;
			fileRef = A108025783B472856006C303;
		};
		3076CF64981D9BF73AA85DE0 = {
			isa = PBXBuildFile;
			fileRef = 7DE00050EBF967D20CB3116D;
		};
		111258B55E24D0775A06524C = {
			isa = PBXBuildFile;
			fileRef = F58F38D045F20D56AFAAED15;
		};
		AD16E17533848DC866513A7C = {
			isa = PBXBuildFile;
			fileRef = 6FF5E8CCF2AF91A7132889EC;
		};
		0377B1EC5650A1C489DF7991 = {
			isa = PBXBuildFile;
			fileRef = 61DA759A7DCD1491201628C3;
		};
		78D5CEC313F76C07FF305CCF = {
			isa = PBXBuildFile;
			fileRef = FC07713B5F839CE3C7190273;
		};
		BC5E53601B6DA2D02A73CF80 = {
			isa = PBXBuildFile;
			fileRef = 3D7BC5C00E60D4DD1D3B42F3;
		};
		BC132284AAC3E65B7BD72519 = {
			isa = PBXBuildFile;
			fileRef = 06FB8541E02055EBF9E9C99F;
		};
		1DF4CD78FDE827BE5937C4FE = {
			isa = PBXBuildFile;
			fileRef = BBB2C52EA2B5469F5994CE3E;
		};
		81EF62862D179D7E9F6440BF = {
			isa = PBXBuildFile;
			fileRef = BA8AFF733C36DFAA600BCEB8;
		};
		82F543D577AB12F12A864B5E = {
			isa = PBXBuildFile;
			fileRef = 8946A42D4D4DC484E68C964B;
		};
		ABD66A59B5EB0E46DE252470 = {
			isa = PBXBuildFile;
			fileRef = 085D756A0165386C552299D3;
		};
		C55B1C64F00D553FC36720E6 = {
			isa = PBXBuildFile;
			fileRef = B625A62F35224C789943051E;
		};
		E26C2AB53BF70A381E44947F = {
			isa = PBXBuildFile;
			fileRef = EFEDF0C0E63B849A293D2A8E;
		};
		031AB397D2342573684B6B34 = {
			isa = PBXBuildFile;
			fileRef = 7D4907623F557A56CEE71974;
		};
		EE428D8FB76CBFFC1E3B0A56 = {
			isa = PBXBuildFile;
			fileRef = 0707EC3A4E1DDF43301F4913;
		};
		FF6A790CCE812891ABF6C1A3 = {
			isa = PBXBuildFile;
			fileRef = 109678623E9CD0C77202CB08;
		};
		CFB17D69D1105BD410A3C27B = {
			isa = PBXBuildFile;
			fileRef = 2F9FA04C0F40BA338FFE0780;
		};
		126A91437EE679E30DA35E5A = {
			isa = PBXBuildFile;
			fileRef = E880EC1EEE5D0DA1B1A3162F;
		};
		851C4AD42B6A2BE6F064620C = {
			isa = PBXBuildFile;
			fileRef = 7ECD6F06F405D693DBD17B98;
		};
		4E0983667197F22375524F37 = {
			isa = PBXBuildFile;
			fileRef = 6FA7401ABB0DD0217DFCE0B7;
		};
		659436F445C7402412FEBAB6 = {
			isa = PBXBuildFile;
			fileRef = EE5A4DFBFB083FFA24C04847;
		};
		FF3F43DF8DD11EF9DBAEA2E1 = {
			isa = PBXBuildFile;
			fileRef = 51AEE0E3931BC98051493CD6;
		};
		D7894FCB90431EB2E838612D = {
			isa = PBXBuildFile;
			fileRef = 2059C9BD7A495C812A606E93;
		};
		55EFB4A5CB56DB76E216EA3D = {
			isa = PBXBuildFile;
			fileRef = 2285C1DA2D42D70EF22BD4E2;
		};
		CFCC44D4AE5B6BA947D78F1A = {
			isa = PBXBuildFile;
			fileRef = 551E51F15E43947C0B058503;
		};
		05AAB0A0F7799DFC5DA83F36 = {
			isa = PBXBuildFile;
			fileRef = B7649519BB9859247D1F7E3D;
		};
		71E812CC40A10F660EEF0DFC = {
			isa = PBXBuildFile;
			fileRef = 3225C17C7F122D08015737E4;
		};
		3B3E50F07EF06E0CEE4F7BC7 = {
			isa = PBXBuildFile;
			fileRef = D9DAD4F7EFC194BD9055618C;
		};
		3AA6796FAC831EB721783F02 = {
			isa = PBXBuildFile;
			fileRef = DD77E9FDEA5C9FEC1F8586AD;
		};
		ED89B48E37B600C96A37DB2D = {
			isa = PBXBuildFile;
			fileRef = A63586C154FECEC69D193103;
		};
		94B0F53CED581877FC256FF8 = {
			isa = PBXBuildFile;
			fileRef = BF3DEF76F01006E00CC4BC75;
		};
		ADAF7234EC77DE9405E1D926 = {
			isa = PBXBuildFile;
			fileRef = D4622F60DE1EE12B5DBA41C5;
		};
		7C6E3DA1BEB7D61B6B749E80 = {
			isa = PBXBuildFile;
			fileRef = 034F21FBD6248FA4D5DABA03;
		};
		0165C48884AD3A6C372AFDCB = {
			isa = PBXFileReference;
			lastKnownFileType = sourcecode.cpp.cpp;
			name = labels.cpp;
			path = "../../External/matplotplusplus/source/matplot/axes_objects/labels.cpp";
			sourceTree = "SOURCE_ROOT";
		};
		034F21FBD6248FA4D5DABA03 = {
			isa = PBXFileReference;
			lastKnownFileType = sourcecode.cpp.objcpp;
			name = "include_juce_gui_extra.mm";
			path = "../../JuceLibraryCode/include_juce_gui_extra.mm";
			sourceTree = "SOURCE_ROOT";
		};
		047F976D4C98DC37138219B2 = {
			isa = PBXFileReference;
			lastKnownFileType = sourcecode.c.h;
			name = SimulatorBasic3D.h;
			path = ../../Source/Private/Objects/Public/Simulators/SimulatorBasic3D.h;
			sourceTree = "SOURCE_ROOT";
		};
		0677C6DCF74BC9C8A81802DE = {
			isa = PBXFileReference;
			lastKnownFileType = file;
			name = "juce_gui_extra";
			path = "../../External/JUCE/modules/juce_gui_extra";
			sourceTree = "SOURCE_ROOT";
		};
		06FB8541E02055EBF9E9C99F = {
			isa = PBXFileReference;
			lastKnownFileType = sourcecode.cpp.cpp;
			name = colors.cpp;
			path = ../../External/matplotplusplus/source/matplot/util/colors.cpp;
			sourceTree = "SOURCE_ROOT";
		};
		0707EC3A4E1DDF43301F4913 = {
			isa = PBXFileReference;
			lastKnownFileType = sourcecode.cpp.cpp;
			name = "OpenPL_CPP.cpp";
			path = "../../Source/Private/CPP/OpenPL_CPP.cpp";
			sourceTree = "SOURCE_ROOT";
		};
		07894880A7A751895C590D78 = {
			isa = PBXFileReference;
			lastKnownFileType = sourcecode.c.h;
			name = MatPlotPlotter.h;
			path = ../../Source/Private/Objects/Public/MatPlotPlotter.h;
			sourceTree = "SOURCE_ROOT";
		};
		085D756A0165386C552299D3 = {
			isa = PBXFileReference;
			lastKnownFileType = sourcecode.cpp.cpp;
			name = "world_map_10m.cpp";
			path = "../../External/matplotplusplus/source/matplot/util/world_map_10m.cpp";
			sourceTree = "SOURCE_ROOT";
		};
		0A35E0540A8B04DC2F2F8C2E = {
			isa = PBXFileReference;
			lastKnownFileType = sourcecode.cpp.cpp;
			name = algebra.cpp;
			path = "../../External/matplotplusplus/source/3rd_party/nodesoup/src/algebra.cpp";
			sourceTree = "SOURCE_ROOT";
		};
		109678623E9CD0C77202CB08 = {
			isa = PBXFileReference;
			lastKnownFileType = sourcecode.cpp.cpp;
			name = Simulator.cpp;
			path = ../../Source/Private/Objects/Private/Simulators/Simulator.cpp;
			sourceTree = "SOURCE_ROOT";
		};
		11DF8EA000AC200CDF7E0F0E = {
			isa = PBXFileReference;
			lastKnownFileType = sourcecode.c.h;
			name = "handle_types.h";
			path = "../../External/matplotplusplus/source/matplot/util/handle_types.h";
			sourceTree = "SOURCE_ROOT";
		};
		15C54D4DCB7ECD3459B9E7F5 = {
			isa = PBXFileReference;
			lastKnownFileType = sourcecode.c.h;
			name = geodata.h;
			path = ../../External/matplotplusplus/source/matplot/util/geodata.h;
			sourceTree = "SOURCE_ROOT";
		};
		19C4C87B9CD4D8B4324FFAB9 = {
			isa = PBXFileReference;
			lastKnownFileType = file;
			name = "juce_events";
			path = "../../External/JUCE/modules/juce_events";
			sourceTree = "SOURCE_ROOT";
		};
		1C5FCE599172085EF6918BC9 = {
			isa = PBXFileReference;
			lastKnownFileType = sourcecode.c.h;
			name = contourc.h;
			path = ../../External/matplotplusplus/source/matplot/util/contourc.h;
			sourceTree = "SOURCE_ROOT";
		};
		1F6567C8324A14A8D7355A75 = {
			isa = PBXFileReference;
			lastKnownFileType = file;
			name = "juce_gui_basics";
			path = "../../External/JUCE/modules/juce_gui_basics";
			sourceTree = "SOURCE_ROOT";
		};
		2059C9BD7A495C812A606E93 = {
			isa = PBXFileReference;
			lastKnownFileType = sourcecode.cpp.cpp;
			name = "PL_SYSTEM.cpp";
			path = "../../Source/Private/Objects/Private/PL_SYSTEM.cpp";
			sourceTree = "SOURCE_ROOT";
		};
		2285C1DA2D42D70EF22BD4E2 = {
			isa = PBXFileReference;
			lastKnownFileType = sourcecode.cpp.cpp;
			name = PLBounds.cpp;
			path = ../../Source/Private/Objects/Private/PLBounds.cpp;
			sourceTree = "SOURCE_ROOT";
		};
		245985BF47361F0039E7BA38 = {
			isa = PBXFileReference;
			lastKnownFileType = sourcecode.c.h;
			name = "backend_registry.h";
			path = "../../External/matplotplusplus/source/matplot/backend/backend_registry.h";
			sourceTree = "SOURCE_ROOT";
		};
		26EA29ABDF71B355D43D85B0 = {
			isa = PBXFileReference;
			lastKnownFileType = sourcecode.c.h;
			name = popen.h;
			path = ../../External/matplotplusplus/source/matplot/util/popen.h;
			sourceTree = "SOURCE_ROOT";
		};
		2A1BF576B3102DE806C65214 = {
			isa = PBXFileReference;
			lastKnownFileType = sourcecode.cpp.cpp;
			name = contours.cpp;
			path = "../../External/matplotplusplus/source/matplot/axes_objects/contours.cpp";
			sourceTree = "SOURCE_ROOT";
		};
		2CFF8A716DE6D49B2A5062FB = {
			isa = PBXFileReference;
			lastKnownFileType = sourcecode.c.h;
			name = "backend_interface.h";
			path = "../../External/matplotplusplus/source/matplot/backend/backend_interface.h";
			sourceTree = "SOURCE_ROOT";
		};
		2E7E0C93B6752CB3D90B7118 = {
			isa = PBXFileReference;
			lastKnownFileType = wrapper.framework;
			name = QuartzCore.framework;
			path = System/Library/Frameworks/QuartzCore.framework;
			sourceTree = SDKROOT;
		};
		2F9FA04C0F40BA338FFE0780 = {
			isa = PBXFileReference;
			lastKnownFileType = sourcecode.cpp.cpp;
			name = SimulatorBasic.cpp;
			path = ../../Source/Private/Objects/Private/Simulators/SimulatorBasic.cpp;
			sourceTree = "SOURCE_ROOT";
		};
		30F85E91FD99AB3B9FB28BF1 = {
			isa = PBXFileReference;
			lastKnownFileType = sourcecode.cpp.cpp;
			name = gnuplot.cpp;
			path = ../../External/matplotplusplus/source/matplot/backend/gnuplot.cpp;
			sourceTree = "SOURCE_ROOT";
		};
		3214A5959F84AB1CF4F08B02 = {
			isa = PBXFileReference;
			lastKnownFileType = sourcecode.c.h;
			name = line.h;
			path = "../../External/matplotplusplus/source/matplot/axes_objects/line.h";
			sourceTree = "SOURCE_ROOT";
		};
		3225C17C7F122D08015737E4 = {
			isa = PBXFileReference;
			lastKnownFileType = sourcecode.c.h;
			name = OpenPLCommonPrivate.h;
			path = ../../Source/Private/OpenPLCommonPrivate.h;
			sourceTree = "SOURCE_ROOT";
		};
		3546C3390C11AA1633EEF50E = {
			isa = PBXFileReference;
			lastKnownFileType = sourcecode.c.h;
			name = OpenPLCommon.h;
			path = ../../Source/Public/OpenPLCommon.h;
			sourceTree = "SOURCE_ROOT";
		};
		35CD49117E61576479C49B9D = {
			isa = PBXFileReference;
			lastKnownFileType = sourcecode.c.h;
			name = OpenPL.h;
			path = ../../Source/Public/OpenPL.h;
			sourceTree = "SOURCE_ROOT";
		};
		384C12B37629136E188B646A = {
			isa = PBXFileReference;
			lastKnownFileType = sourcecode.c.h;
			name = "PL_SYSTEM.h";
			path = "../../Source/Private/Objects/Public/PL_SYSTEM.h";
			sourceTree = "SOURCE_ROOT";
		};
		392CA55CAE9D301EF8FB08D5 = {
			isa = PBXFileReference;
			lastKnownFileType = sourcecode.cpp.cpp;
			name = nodesoup.cpp;
			path = "../../External/matplotplusplus/source/3rd_party/nodesoup/src/nodesoup.cpp";
			sourceTree = "SOURCE_ROOT";
		};
		3A216E9440DCB4B725246E7C = {
			isa = PBXFileReference;
			lastKnownFileType = sourcecode.c.h;
			name = JuceHeader.h;
			path = ../../JuceLibraryCode/JuceHeader.h;
			sourceTree = "SOURCE_ROOT";
		};
		3D23EA536CD824E5F04F1EDC = {
			isa = PBXFileReference;
			lastKnownFileType = sourcecode.c.h;
			name = Simulator.h;
			path = ../../Source/Private/Objects/Public/Simulators/Simulator.h;
			sourceTree = "SOURCE_ROOT";
		};
		3D5B9B15F4B37F085A8B3478 = {
			isa = PBXFileReference;
			lastKnownFileType = sourcecode.c.h;
			name = keywords.h;
			path = ../../External/matplotplusplus/source/matplot/util/keywords.h;
			sourceTree = "SOURCE_ROOT";
		};
		3D7BC5C00E60D4DD1D3B42F3 = {
			isa = PBXFileReference;
			lastKnownFileType = sourcecode.cpp.cpp;
			name = histcounts.cpp;
			path = ../../External/matplotplusplus/source/matplot/freestanding/histcounts.cpp;
			sourceTree = "SOURCE_ROOT";
		};
		3F6B96F5BBC584BD66A31566 = {
			isa = PBXFileReference;
			lastKnownFileType = sourcecode.cpp.cpp;
			name = "error_bar.cpp";
			path = "../../External/matplotplusplus/source/matplot/axes_objects/error_bar.cpp";
			sourceTree = "SOURCE_ROOT";
		};
		4042D4BD8A5514783FC6222E = {
			isa = PBXFileReference;
			lastKnownFileType = sourcecode.cpp.cpp;
			name = matrix.cpp;
			path = "../../External/matplotplusplus/source/matplot/axes_objects/matrix.cpp";
			sourceTree = "SOURCE_ROOT";
		};
		4199D01C883218A4627C273C = {
			isa = PBXFileReference;
			lastKnownFileType = file;
			name = "juce_data_structures";
			path = "../../External/JUCE/modules/juce_data_structures";
			sourceTree = "SOURCE_ROOT";
		};
		444908E7ED577263C47870A8 = {
			isa = PBXFileReference;
			lastKnownFileType = sourcecode.c.h;
			name = stair.h;
			path = "../../External/matplotplusplus/source/matplot/axes_objects/stair.h";
			sourceTree = "SOURCE_ROOT";
		};
		44506EBDD0F51CC4FE8BFD0F = {
			isa = PBXFileReference;
			lastKnownFileType = wrapper.framework;
			name = Foundation.framework;
			path = System/Library/Frameworks/Foundation.framework;
			sourceTree = SDKROOT;
		};
		44A21E469FF1F753A18A327D = {
			isa = PBXFileReference;
			lastKnownFileType = sourcecode.c.h;
			name = "axes_type.h";
			path = "../../External/matplotplusplus/source/matplot/core/axes_type.h";
			sourceTree = "SOURCE_ROOT";
		};
		455670499E17D77291F4F400 = {
			isa = PBXFileReference;
			lastKnownFileType = sourcecode.cpp.cpp;
			name = vectors.cpp;
			path = "../../External/matplotplusplus/source/matplot/axes_objects/vectors.cpp";
			sourceTree = "SOURCE_ROOT";
		};
		4599068115DD6CD794E8323F = {
			isa = PBXFileReference;
			lastKnownFileType = sourcecode.c.h;
			name = opengl.h;
			path = ../../External/matplotplusplus/source/matplot/backend/opengl.h;
			sourceTree = "SOURCE_ROOT";
		};
		4B358AA5F1728336E3F46C25 = {
			isa = PBXFileReference;
			lastKnownFileType = sourcecode.c.h;
			name = surface.h;
			path = "../../External/matplotplusplus/source/matplot/axes_objects/surface.h";
			sourceTree = "SOURCE_ROOT";
		};
		4C79FA3AEEFA1E5AC2692723 = {
			isa = PBXFileReference;
			lastKnownFileType = sourcecode.c.h;
			name = SimulatorBasic.h;
			path = ../../Source/Private/Objects/Public/Simulators/SimulatorBasic.h;
			sourceTree = "SOURCE_ROOT";
		};
		51AEE0E3931BC98051493CD6 = {
			isa = PBXFileReference;
			lastKnownFileType = sourcecode.cpp.cpp;
			name = "PL_SCENE.cpp";
			path = "../../Source/Private/Objects/Private/PL_SCENE.cpp";
			sourceTree = "SOURCE_ROOT";
		};
		548A3DE89C8D3BFA556E83E9 = {
			isa = PBXFileReference;
			lastKnownFileType = sourcecode.c.h;
			name = layout.hpp;
			path = "../../External/matplotplusplus/source/3rd_party/nodesoup/src/layout.hpp";
			sourceTree = "SOURCE_ROOT";
		};
		551E51F15E43947C0B058503 = {
			isa = PBXFileReference;
			lastKnownFileType = sourcecode.cpp.cpp;
			name = OpenPL.cpp;
			path = ../../Source/Private/OpenPL.cpp;
			sourceTree = "SOURCE_ROOT";
		};
		57094F22BCCCE0F81215803A = {
			isa = PBXFileReference;
			lastKnownFileType = sourcecode.c.h;
			name = "kamada_kawai.hpp";
			path = "../../External/matplotplusplus/source/3rd_party/nodesoup/src/kamada_kawai.hpp";
			sourceTree = "SOURCE_ROOT";
		};
		57A3FDE20BEC9994063DB917 = {
			isa = PBXFileReference;
			lastKnownFileType = wrapper.framework;
			name = WebKit.framework;
			path = System/Library/Frameworks/WebKit.framework;
			sourceTree = SDKROOT;
		};
		5836E0ABBE001F1360C55B60 = {
			isa = PBXFileReference;
			lastKnownFileType = sourcecode.cpp.cpp;
			name = layout.cpp;
			path = "../../External/matplotplusplus/source/3rd_party/nodesoup/src/layout.cpp";
			sourceTree = "SOURCE_ROOT";
		};
		58A79ADC09960E508617E6BA = {
			isa = PBXFileReference;
			lastKnownFileType = sourcecode.c.h;
			name = histogram.h;
			path = "../../External/matplotplusplus/source/matplot/axes_objects/histogram.h";
			sourceTree = "SOURCE_ROOT";
		};
		5D29D397E87ABDFA17CD84DD = {
			isa = PBXFileReference;
			lastKnownFileType = sourcecode.cpp.cpp;
			name = "fruchterman_reingold.cpp";
			path = "../../External/matplotplusplus/source/3rd_party/nodesoup/src/fruchterman_reingold.cpp";
			sourceTree = "SOURCE_ROOT";
		};
		5E8AEA5C086B7E2A2AC5DABF = {
			isa = PBXFileReference;
			lastKnownFileType = sourcecode.c.h;
			name = "figure_registry.h";
			path = "../../External/matplotplusplus/source/matplot/core/figure_registry.h";
			sourceTree = "SOURCE_ROOT";
		};
		5F357853EB2A9ED3FA92FBC6 = {
			isa = PBXFileReference;
			lastKnownFileType = sourcecode.c.h;
			name = "type_traits.h";
			path = "../../External/matplotplusplus/source/matplot/util/type_traits.h";
			sourceTree = "SOURCE_ROOT";
		};
		60F1ACF5F83FF9FB02A73B8B = {
			isa = PBXFileReference;
			lastKnownFileType = sourcecode.cpp.cpp;
			name = "backend_registry.cpp";
			path = "../../External/matplotplusplus/source/matplot/backend/backend_registry.cpp";
			sourceTree = "SOURCE_ROOT";
		};
		61DA759A7DCD1491201628C3 = {
			isa = PBXFileReference;
			lastKnownFileType = sourcecode.cpp.cpp;
			name = "line_spec.cpp";
			path = "../../External/matplotplusplus/source/matplot/core/line_spec.cpp";
			sourceTree = "SOURCE_ROOT";
		};
		63259D9D017B6725B4AAAAEB = {
			isa = PBXFileReference;
			lastKnownFileType = sourcecode.cpp.cpp;
			name = "opengl_embed.cpp";
			path = "../../External/matplotplusplus/source/matplot/backend/opengl_embed.cpp";
			sourceTree = "SOURCE_ROOT";
		};
		65962C6FA98F0FD139666933 = {
			isa = PBXFileReference;
			lastKnownFileType = wrapper.framework;
			name = IOKit.framework;
			path = System/Library/Frameworks/IOKit.framework;
			sourceTree = SDKROOT;
		};
		66C839285DD9CCEF3EB67ECD = {
			isa = PBXFileReference;
			lastKnownFileType = wrapper.framework;
			name = Carbon.framework;
			path = System/Library/Frameworks/Carbon.framework;
			sourceTree = SDKROOT;
		};
		67F9502F9CB3E0BADBD796BC = {
			isa = PBXFileReference;
			lastKnownFileType = sourcecode.c.h;
			name = nodesoup.hpp;
			path = "../../External/matplotplusplus/source/3rd_party/nodesoup/include/nodesoup.hpp";
			sourceTree = "SOURCE_ROOT";
		};
		6A342D33258EC557425A5DA2 = {
			isa = PBXFileReference;
			lastKnownFileType = sourcecode.cpp.cpp;
			name = "box_chart.cpp";
			path = "../../External/matplotplusplus/source/matplot/axes_objects/box_chart.cpp";
			sourceTree = "SOURCE_ROOT";
		};
		6B8AB58D0A91A46622D96C01 = {
			isa = PBXFileReference;
			lastKnownFileType = sourcecode.c.h;
			name = bars.h;
			path = "../../External/matplotplusplus/source/matplot/axes_objects/bars.h";
			sourceTree = "SOURCE_ROOT";
		};
		6E78326A4642FD2BE11DA41E = {
			isa = PBXFileReference;
			lastKnownFileType = sourcecode.cpp.cpp;
			name = "string_function.cpp";
			path = "../../External/matplotplusplus/source/matplot/axes_objects/string_function.cpp";
			sourceTree = "SOURCE_ROOT";
		};
		6FA7401ABB0DD0217DFCE0B7 = {
			isa = PBXFileReference;
			lastKnownFileType = sourcecode.cpp.cpp;
			name = DebugOpenGL.cpp;
			path = ../../Source/Private/DebugOpenGL.cpp;
			sourceTree = "SOURCE_ROOT";
		};
		6FF5E8CCF2AF91A7132889EC = {
			isa = PBXFileReference;
			lastKnownFileType = sourcecode.cpp.cpp;
			name = legend.cpp;
			path = ../../External/matplotplusplus/source/matplot/core/legend.cpp;
			sourceTree = "SOURCE_ROOT";
		};
		728D14A100DA4D4D9D450248 = {
			isa = PBXFileReference;
			lastKnownFileType = sourcecode.c.h;
			name = "axes_lim.h";
			path = "../../External/matplotplusplus/source/matplot/freestanding/axes_lim.h";
			sourceTree = "SOURCE_ROOT";
		};
		72914E6F88DD21F0B5C6B7B1 = {
			isa = PBXFileReference;
			lastKnownFileType = sourcecode.c.h;
			name = matplot.h;
			path = ../../External/matplotplusplus/source/matplot/matplot.h;
			sourceTree = "SOURCE_ROOT";
		};
		72F81B34151784B7D09C323F = {
			isa = PBXFileReference;
			lastKnownFileType = sourcecode.c.h;
			name = CImg.h;
			path = "../../External/matplotplusplus/source/3rd_party/cimg/CImg.h";
			sourceTree = "SOURCE_ROOT";
		};
		785626D835556B4676630E8D = {
			isa = PBXFileReference;
			lastKnownFileType = sourcecode.c.h;
			name = labels.h;
			path = "../../External/matplotplusplus/source/matplot/axes_objects/labels.h";
			sourceTree = "SOURCE_ROOT";
		};
		7B35ED6222A689939EE07C49 = {
			isa = PBXFileReference;
			lastKnownFileType = file;
			name = "juce_core";
			path = "../../External/JUCE/modules/juce_core";
			sourceTree = "SOURCE_ROOT";
		};
		7D4907623F557A56CEE71974 = {
			isa = PBXFileReference;
			lastKnownFileType = sourcecode.c.c;
			name = glad.c;
			path = ../../External/libigl/external/glad/src/glad.c;
			sourceTree = "SOURCE_ROOT";
		};
		7DE00050EBF967D20CB3116D = {
			isa = PBXFileReference;
			lastKnownFileType = sourcecode.cpp.cpp;
			name = "figure_registry.cpp";
			path = "../../External/matplotplusplus/source/matplot/core/figure_registry.cpp";
			sourceTree = "SOURCE_ROOT";
		};
		7ECD6F06F405D693DBD17B98 = {
			isa = PBXFileReference;
			lastKnownFileType = sourcecode.cpp.cpp;
			name = SimulatorFDTD.cpp;
			path = ../../Source/Private/Objects/Private/Simulators/SimulatorFDTD.cpp;
			sourceTree = "SOURCE_ROOT";
		};
		800406F4BAB6D4B230B080FB = {
			isa = PBXFileReference;
			lastKnownFileType = sourcecode.cpp.cpp;
			name = "parallel_lines.cpp";
			path = "../../External/matplotplusplus/source/matplot/axes_objects/parallel_lines.cpp";
			sourceTree = "SOURCE_ROOT";
		};
		8031CBE88B5C18EA24910C03 = {
			isa = PBXFileReference;
			lastKnownFileType = sourcecode.c.h;
			name = "figure_type.h";
			path = "../../External/matplotplusplus/source/matplot/core/figure_type.h";
			sourceTree = "SOURCE_ROOT";
		};
		81C8D1056733DDD840D09313 = {
			isa = PBXFileReference;
			lastKnownFileType = sourcecode.c.h;
			name = OpenPL.hpp;
			path = ../../Source/Public/OpenPL.hpp;
			sourceTree = "SOURCE_ROOT";
		};
		86785150F1780F23843A3C8C = {
			isa = PBXFileReference;
			lastKnownFileType = wrapper.framework;
			name = Cocoa.framework;
			path = System/Library/Frameworks/Cocoa.framework;
			sourceTree = SDKROOT;
		};
		87935D7D2EE0866CF6B00A8A = {
			isa = PBXFileReference;
			lastKnownFileType = sourcecode.cpp.cpp;
			name = line.cpp;
			path = "../../External/matplotplusplus/source/matplot/axes_objects/line.cpp";
			sourceTree = "SOURCE_ROOT";
		};
		8946A42D4D4DC484E68C964B = {
			isa = PBXFileReference;
			lastKnownFileType = sourcecode.cpp.cpp;
			name = "world_cities.cpp";
			path = "../../External/matplotplusplus/source/matplot/util/world_cities.cpp";
			sourceTree = "SOURCE_ROOT";
		};
		896420793659682975FC0FC1 = {
			isa = PBXFileReference;
			lastKnownFileType = sourcecode.c.h;
			name = "function_line.h";
			path = "../../External/matplotplusplus/source/matplot/axes_objects/function_line.h";
			sourceTree = "SOURCE_ROOT";
		};
		8A936F127DFBB7BB4E9A5DD9 = {
			isa = PBXFileReference;
			lastKnownFileType = sourcecode.c.h;
			name = DebugOpenGL.h;
			path = ../../Source/Private/Objects/Public/DebugOpenGL.h;
			sourceTree = "SOURCE_ROOT";
		};
		8B1F59E91D8F647F6370892D = {
			isa = PBXFileReference;
			lastKnownFileType = file;
			name = "juce_graphics";
			path = "../../External/JUCE/modules/juce_graphics";
			sourceTree = "SOURCE_ROOT";
		};
		8C0556F443AEDED84636103B = {
			isa = PBXFileReference;
			lastKnownFileType = sourcecode.c.h;
			name = "string_function.h";
			path = "../../External/matplotplusplus/source/matplot/axes_objects/string_function.h";
			sourceTree = "SOURCE_ROOT";
		};
		8D50453AE7D6A885765E61F2 = {
			isa = PBXFileReference;
			lastKnownFileType = sourcecode.cpp.cpp;
			name = histogram.cpp;
			path = "../../External/matplotplusplus/source/matplot/axes_objects/histogram.cpp";
			sourceTree = "SOURCE_ROOT";
		};
		92F625BA9F3D06F5C4FA74AB = {
			isa = PBXFileReference;
			lastKnownFileType = sourcecode.c.h;
			name = histcounts.h;
			path = ../../External/matplotplusplus/source/matplot/freestanding/histcounts.h;
			sourceTree = "SOURCE_ROOT";
		};
		94A629E732520791B69460EC = {
			isa = PBXFileReference;
			lastKnownFileType = sourcecode.cpp.cpp;
			name = "filled_area.cpp";
			path = "../../External/matplotplusplus/source/matplot/axes_objects/filled_area.cpp";
			sourceTree = "SOURCE_ROOT";
		};
		957C522E3A09BE45DBAFFD5A = {
			isa = PBXFileReference;
			lastKnownFileType = sourcecode.cpp.cpp;
			name = network.cpp;
			path = "../../External/matplotplusplus/source/matplot/axes_objects/network.cpp";
			sourceTree = "SOURCE_ROOT";
		};
		95A24A57282CCE2D43C9A719 = {
			isa = PBXFileReference;
			lastKnownFileType = sourcecode.c.h;
			name = "error_bar.h";
			path = "../../External/matplotplusplus/source/matplot/axes_objects/error_bar.h";
			sourceTree = "SOURCE_ROOT";
		};
		9A900C557308B8033BEC32D6 = {
			isa = PBXFileReference;
			lastKnownFileType = sourcecode.cpp.cpp;
			name = bars.cpp;
			path = "../../External/matplotplusplus/source/matplot/axes_objects/bars.cpp";
			sourceTree = "SOURCE_ROOT";
		};
		9CFBC738A1A9622EA7C5A910 = {
			isa = PBXFileReference;
			lastKnownFileType = sourcecode.c.h;
			name = circles.h;
			path = "../../External/matplotplusplus/source/matplot/axes_objects/circles.h";
			sourceTree = "SOURCE_ROOT";
		};
		9F466BA5690C104B38D332B8 = {
			isa = PBXFileReference;
			lastKnownFileType = sourcecode.c.h;
			name = "line_spec.h";
			path = "../../External/matplotplusplus/source/matplot/core/line_spec.h";
			sourceTree = "SOURCE_ROOT";
		};
		9F82F36FD0486FC5D5CC934E = {
			isa = PBXFileReference;
			lastKnownFileType = sourcecode.c.h;
			name = contours.h;
			path = "../../External/matplotplusplus/source/matplot/axes_objects/contours.h";
			sourceTree = "SOURCE_ROOT";
		};
		A108025783B472856006C303 = {
			isa = PBXFileReference;
			lastKnownFileType = sourcecode.cpp.cpp;
			name = "axis_type.cpp";
			path = "../../External/matplotplusplus/source/matplot/core/axis_type.cpp";
			sourceTree = "SOURCE_ROOT";
		};
		A63586C154FECEC69D193103 = {
			isa = PBXFileReference;
			lastKnownFileType = sourcecode.cpp.objcpp;
			name = "include_juce_events.mm";
			path = "../../JuceLibraryCode/include_juce_events.mm";
			sourceTree = "SOURCE_ROOT";
		};
		ABF893564A2C1B45BBEDA0AC = {
			isa = PBXFileReference;
			lastKnownFileType = sourcecode.cpp.cpp;
			name = "axes_type.cpp";
			path = "../../External/matplotplusplus/source/matplot/core/axes_type.cpp";
			sourceTree = "SOURCE_ROOT";
		};
		AF5E241C55BE0F2A432D40F9 = {
			isa = PBXFileReference;
			lastKnownFileType = sourcecode.cpp.cpp;
			name = stair.cpp;
			path = "../../External/matplotplusplus/source/matplot/axes_objects/stair.cpp";
			sourceTree = "SOURCE_ROOT";
		};
		B05538CF378BA4A994C9ADE3 = {
			isa = PBXFileReference;
			lastKnownFileType = sourcecode.cpp.cpp;
			name = "backend_interface.cpp";
			path = "../../External/matplotplusplus/source/matplot/backend/backend_interface.cpp";
			sourceTree = "SOURCE_ROOT";
		};
		B625A62F35224C789943051E = {
			isa = PBXFileReference;
			lastKnownFileType = sourcecode.cpp.cpp;
			name = "world_map_50m.cpp";
			path = "../../External/matplotplusplus/source/matplot/util/world_map_50m.cpp";
			sourceTree = "SOURCE_ROOT";
		};
		B7649519BB9859247D1F7E3D = {
			isa = PBXFileReference;
			lastKnownFileType = sourcecode.cpp.cpp;
			name = OpenPLCommonPrivate.cpp;
			path = ../../Source/Private/OpenPLCommonPrivate.cpp;
			sourceTree = "SOURCE_ROOT";
		};
		BA8AFF733C36DFAA600BCEB8 = {
			isa = PBXFileReference;
			lastKnownFileType = sourcecode.cpp.cpp;
			name = contourc.cpp;
			path = ../../External/matplotplusplus/source/matplot/util/contourc.cpp;
			sourceTree = "SOURCE_ROOT";
		};
		BBB2C52EA2B5469F5994CE3E = {
			isa = PBXFileReference;
			lastKnownFileType = sourcecode.cpp.cpp;
			name = common.cpp;
			path = ../../External/matplotplusplus/source/matplot/util/common.cpp;
			sourceTree = "SOURCE_ROOT";
		};
		BCF9C59E23456280E1CBE626 = {
			isa = PBXFileReference;
			lastKnownFileType = sourcecode.c.h;
			name = algebra.hpp;
			path = "../../External/matplotplusplus/source/3rd_party/nodesoup/src/algebra.hpp";
			sourceTree = "SOURCE_ROOT";
		};
		BF3DEF76F01006E00CC4BC75 = {
			isa = PBXFileReference;
			lastKnownFileType = sourcecode.cpp.objcpp;
			name = "include_juce_graphics.mm";
			path = "../../JuceLibraryCode/include_juce_graphics.mm";
			sourceTree = "SOURCE_ROOT";
		};
		C26F3CB1806388D4F9ACC6DA = {
			isa = PBXFileReference;
			lastKnownFileType = sourcecode.c.h;
			name = "filled_area.h";
			path = "../../External/matplotplusplus/source/matplot/axes_objects/filled_area.h";
			sourceTree = "SOURCE_ROOT";
		};
		C521B092AD72636009CB9FE7 = {
			isa = PBXFileReference;
			lastKnownFileType = sourcecode.cpp.cpp;
			name = "function_line.cpp";
			path = "../../External/matplotplusplus/source/matplot/axes_objects/function_line.cpp";
			sourceTree = "SOURCE_ROOT";
		};
		C752DC04C2E20B809CB45972 = {
			isa = PBXFileReference;
			lastKnownFileType = sourcecode.c.h;
			name = gnuplot.h;
			path = ../../External/matplotplusplus/source/matplot/backend/gnuplot.h;
			sourceTree = "SOURCE_ROOT";
		};
		CAB3CDD6B69095B744BB1949 = {
			isa = PBXFileReference;
			lastKnownFileType = sourcecode.cpp.cpp;
			name = surface.cpp;
			path = "../../External/matplotplusplus/source/matplot/axes_objects/surface.cpp";
			sourceTree = "SOURCE_ROOT";
		};
		CBB59A4EDC42B7D715DBCA46 = {
			isa = PBXFileReference;
			lastKnownFileType = sourcecode.c.h;
			name = "PL_SCENE.h";
			path = "../../Source/Private/Objects/Public/PL_SCENE.h";
			sourceTree = "SOURCE_ROOT";
		};
		CE3C4222DEC3238722C3F509 = {
			isa = PBXFileReference;
			explicitFileType = "compiled.mach-o.dylib";
			includeInIndex = 0;
			path = OpenPL.dylib;
			sourceTree = "BUILT_PRODUCTS_DIR";
		};
		CF78A329FF2DE253FCC1D167 = {
			isa = PBXFileReference;
			lastKnownFileType = sourcecode.c.h;
			name = colors.h;
			path = ../../External/matplotplusplus/source/matplot/util/colors.h;
			sourceTree = "SOURCE_ROOT";
		};
		D14B2A60205E5DAC956B3FD1 = {
			isa = PBXFileReference;
			lastKnownFileType = sourcecode.c.h;
			name = matrix.h;
			path = "../../External/matplotplusplus/source/matplot/axes_objects/matrix.h";
			sourceTree = "SOURCE_ROOT";
		};
		D2E69766F68646B93469D394 = {
			isa = PBXFileReference;
			lastKnownFileType = sourcecode.c.h;
			name = "axes_object.h";
			path = "../../External/matplotplusplus/source/matplot/core/axes_object.h";
			sourceTree = "SOURCE_ROOT";
		};
		D45F6B4ADAFAE30890E24512 = {
			isa = PBXFileReference;
			lastKnownFileType = sourcecode.c.h;
			name = vectors.h;
			path = "../../External/matplotplusplus/source/matplot/axes_objects/vectors.h";
			sourceTree = "SOURCE_ROOT";
		};
		D4622F60DE1EE12B5DBA41C5 = {
			isa = PBXFileReference;
			lastKnownFileType = sourcecode.cpp.objcpp;
			name = "include_juce_gui_basics.mm";
			path = "../../JuceLibraryCode/include_juce_gui_basics.mm";
			sourceTree = "SOURCE_ROOT";
		};
		D51037AD17DFC85B89CA5A7E = {
			isa = PBXFileReference;
			lastKnownFileType = sourcecode.c.h;
			name = "opengl_embed.h";
			path = "../../External/matplotplusplus/source/matplot/backend/opengl_embed.h";
			sourceTree = "SOURCE_ROOT";
		};
		D5989627A864A8B8A4CDC595 = {
			isa = PBXFileReference;
			lastKnownFileType = sourcecode.c.h;
			name = SimulatorFDTD.h;
			path = ../../Source/Private/Objects/Public/Simulators/SimulatorFDTD.h;
			sourceTree = "SOURCE_ROOT";
		};
		D9370888B40DA2F5AF387E02 = {
			isa = PBXFileReference;
			lastKnownFileType = sourcecode.c.h;
			name = "parallel_lines.h";
			path = "../../External/matplotplusplus/source/matplot/axes_objects/parallel_lines.h";
			sourceTree = "SOURCE_ROOT";
		};
		D9DAD4F7EFC194BD9055618C = {
			isa = PBXFileReference;
			lastKnownFileType = sourcecode.cpp.objcpp;
			name = "include_juce_core.mm";
			path = "../../JuceLibraryCode/include_juce_core.mm";
			sourceTree = "SOURCE_ROOT";
		};
		DB7E663D9100B2EEA77C4B61 = {
			isa = PBXFileReference;
			lastKnownFileType = sourcecode.c.h;
			name = common.h;
			path = ../../External/matplotplusplus/source/matplot/util/common.h;
			sourceTree = "SOURCE_ROOT";
		};
		DC9F170DC96C16862BE4C7E8 = {
			isa = PBXFileReference;
			lastKnownFileType = sourcecode.cpp.cpp;
			name = "kamada_kawai.cpp";
			path = "../../External/matplotplusplus/source/3rd_party/nodesoup/src/kamada_kawai.cpp";
			sourceTree = "SOURCE_ROOT";
		};
		DD77E9FDEA5C9FEC1F8586AD = {
			isa = PBXFileReference;
			lastKnownFileType = sourcecode.cpp.objcpp;
			name = "include_juce_data_structures.mm";
			path = "../../JuceLibraryCode/include_juce_data_structures.mm";
			sourceTree = "SOURCE_ROOT";
		};
		DF5B45A872308FBE5B0823C2 = {
			isa = PBXFileReference;
			lastKnownFileType = sourcecode.c.h;
			name = "fruchterman_reingold.hpp";
			path = "../../External/matplotplusplus/source/3rd_party/nodesoup/src/fruchterman_reingold.hpp";
			sourceTree = "SOURCE_ROOT";
		};
		E48BC3863D3A8834A615E671 = {
			isa = PBXFileReference;
			lastKnownFileType = sourcecode.cpp.cpp;
			name = "axes_object.cpp";
			path = "../../External/matplotplusplus/source/matplot/core/axes_object.cpp";
			sourceTree = "SOURCE_ROOT";
		};
		E65AEEEAF0CF778A8AD9E724 = {
			isa = PBXFileReference;
			lastKnownFileType = sourcecode.c.h;
			name = "figure_functions.h";
			path = "../../External/matplotplusplus/source/matplot/freestanding/figure_functions.h";
			sourceTree = "SOURCE_ROOT";
		};
		E73E3178D484DFBB5BA50FE9 = {
			isa = PBXFileReference;
			lastKnownFileType = sourcecode.cpp.cpp;
			name = opengl.cpp;
			path = ../../External/matplotplusplus/source/matplot/backend/opengl.cpp;
			sourceTree = "SOURCE_ROOT";
		};
		E880EC1EEE5D0DA1B1A3162F = {
			isa = PBXFileReference;
			lastKnownFileType = sourcecode.cpp.cpp;
			name = SimulatorBasic3D.cpp;
			path = ../../Source/Private/Objects/Private/Simulators/SimulatorBasic3D.cpp;
			sourceTree = "SOURCE_ROOT";
		};
		ED5DF91ADC96A0F1797321FC = {
			isa = PBXFileReference;
			lastKnownFileType = sourcecode.c.h;
			name = "axis_type.h";
			path = "../../External/matplotplusplus/source/matplot/core/axis_type.h";
			sourceTree = "SOURCE_ROOT";
		};
		EE5A4DFBFB083FFA24C04847 = {
			isa = PBXFileReference;
			lastKnownFileType = sourcecode.cpp.cpp;
			name = MatPlotPlotter.cpp;
			path = ../../Source/Private/Objects/Public/MatPlotPlotter.cpp;
			sourceTree = "SOURCE_ROOT";
		};
		EEE8EF82B6A638076AFA3FF1 = {
			isa = PBXFileReference;
			lastKnownFileType = sourcecode.c.h;
			name = network.h;
			path = "../../External/matplotplusplus/source/matplot/axes_objects/network.h";
			sourceTree = "SOURCE_ROOT";
		};
		EFEDF0C0E63B849A293D2A8E = {
			isa = PBXFileReference;
			lastKnownFileType = sourcecode.cpp.cpp;
			name = "world_map_110m.cpp";
			path = "../../External/matplotplusplus/source/matplot/util/world_map_110m.cpp";
			sourceTree = "SOURCE_ROOT";
		};
		F0ABD1C103FE1BA5FB8D25FC = {
			isa = PBXFileReference;
			lastKnownFileType = sourcecode.c.h;
			name = "box_chart.h";
			path = "../../External/matplotplusplus/source/matplot/axes_objects/box_chart.h";
			sourceTree = "SOURCE_ROOT";
		};
		F58F38D045F20D56AFAAED15 = {
			isa = PBXFileReference;
			lastKnownFileType = sourcecode.cpp.cpp;
			name = "figure_type.cpp";
			path = "../../External/matplotplusplus/source/matplot/core/figure_type.cpp";
			sourceTree = "SOURCE_ROOT";
		};
		F64C6713A4420824D4123860 = {
			isa = PBXFileReference;
			lastKnownFileType = file.nib;
			name = RecentFilesMenuTemplate.nib;
			path = RecentFilesMenuTemplate.nib;
			sourceTree = "SOURCE_ROOT";
		};
		F91459296171DBAB19E71F30 = {
			isa = PBXFileReference;
			lastKnownFileType = sourcecode.c.h;
			name = PLBounds.h;
			path = ../../Source/Private/Objects/Public/PLBounds.h;
			sourceTree = "SOURCE_ROOT";
		};
		F9385A1330ACD52834C08E9E = {
			isa = PBXFileReference;
			lastKnownFileType = sourcecode.c.h;
			name = plot.h;
			path = ../../External/matplotplusplus/source/matplot/freestanding/plot.h;
			sourceTree = "SOURCE_ROOT";
		};
		F9ADE7E66FC423DEABB621B9 = {
			isa = PBXFileReference;
			lastKnownFileType = sourcecode.c.h;
			name = concepts.h;
			path = ../../External/matplotplusplus/source/matplot/util/concepts.h;
			sourceTree = "SOURCE_ROOT";
		};
		F9F329A0CD9A4E8CC15B5F88 = {
			isa = PBXFileReference;
			lastKnownFileType = sourcecode.cpp.cpp;
			name = circles.cpp;
			path = "../../External/matplotplusplus/source/matplot/axes_objects/circles.cpp";
			sourceTree = "SOURCE_ROOT";
		};
		FA29305016717FCB03A4ABAD = {
			isa = PBXFileReference;
			lastKnownFileType = sourcecode.c.h;
			name = "axes_functions.h";
			path = "../../External/matplotplusplus/source/matplot/freestanding/axes_functions.h";
			sourceTree = "SOURCE_ROOT";
		};
		FC07713B5F839CE3C7190273 = {
			isa = PBXFileReference;
			lastKnownFileType = sourcecode.cpp.cpp;
			name = "axes_functions.cpp";
			path = "../../External/matplotplusplus/source/matplot/freestanding/axes_functions.cpp";
			sourceTree = "SOURCE_ROOT";
		};
		FF76A1A39449772B066B593C = {
			isa = PBXFileReference;
			lastKnownFileType = sourcecode.c.h;
			name = legend.h;
			path = ../../External/matplotplusplus/source/matplot/core/legend.h;
			sourceTree = "SOURCE_ROOT";
		};
		F3DA3263E543D53576EDC5AB = {
			isa = PBXGroup;
			children = (
				72F81B34151784B7D09C323F,
			);
			name = cimg;
			sourceTree = "<group>";
		};
		67FDDAD5A5B4F0D99BB78658 = {
			isa = PBXGroup;
			children = (
				67F9502F9CB3E0BADBD796BC,
			);
			name = include;
			sourceTree = "<group>";
		};
		FBC79919287B0C1CB560EEEB = {
			isa = PBXGroup;
			children = (
				0A35E0540A8B04DC2F2F8C2E,
				BCF9C59E23456280E1CBE626,
				5D29D397E87ABDFA17CD84DD,
				DF5B45A872308FBE5B0823C2,
				DC9F170DC96C16862BE4C7E8,
				57094F22BCCCE0F81215803A,
				5836E0ABBE001F1360C55B60,
				548A3DE89C8D3BFA556E83E9,
				392CA55CAE9D301EF8FB08D5,
			);
			name = src;
			sourceTree = "<group>";
		};
		77C81D0707A709E8DA7CD8D1 = {
			isa = PBXGroup;
			children = (
				67FDDAD5A5B4F0D99BB78658,
				FBC79919287B0C1CB560EEEB,
			);
			name = nodesoup;
			sourceTree = "<group>";
		};
		24A845626A3ABA209B992131 = {
			isa = PBXGroup;
			children = (
				F3DA3263E543D53576EDC5AB,
				77C81D0707A709E8DA7CD8D1,
			);
			name = "3rd_party";
			sourceTree = "<group>";
		};
		371176455202A43D39B96A2D = {
			isa = PBXGroup;
			children = (
				9A900C557308B8033BEC32D6,
				6B8AB58D0A91A46622D96C01,
				6A342D33258EC557425A5DA2,
				F0ABD1C103FE1BA5FB8D25FC,
				F9F329A0CD9A4E8CC15B5F88,
				9CFBC738A1A9622EA7C5A910,
				2A1BF576B3102DE806C65214,
				9F82F36FD0486FC5D5CC934E,
				3F6B96F5BBC584BD66A31566,
				95A24A57282CCE2D43C9A719,
				94A629E732520791B69460EC,
				C26F3CB1806388D4F9ACC6DA,
				C521B092AD72636009CB9FE7,
				896420793659682975FC0FC1,
				8D50453AE7D6A885765E61F2,
				58A79ADC09960E508617E6BA,
				0165C48884AD3A6C372AFDCB,
				785626D835556B4676630E8D,
				87935D7D2EE0866CF6B00A8A,
				3214A5959F84AB1CF4F08B02,
				4042D4BD8A5514783FC6222E,
				D14B2A60205E5DAC956B3FD1,
				957C522E3A09BE45DBAFFD5A,
				EEE8EF82B6A638076AFA3FF1,
				800406F4BAB6D4B230B080FB,
				D9370888B40DA2F5AF387E02,
				AF5E241C55BE0F2A432D40F9,
				444908E7ED577263C47870A8,
				6E78326A4642FD2BE11DA41E,
				8C0556F443AEDED84636103B,
				CAB3CDD6B69095B744BB1949,
				4B358AA5F1728336E3F46C25,
				455670499E17D77291F4F400,
				D45F6B4ADAFAE30890E24512,
			);
			name = "axes_objects";
			sourceTree = "<group>";
		};
		E2A9F973D4D5C9E7EC7FE00A = {
			isa = PBXGroup;
			children = (
				B05538CF378BA4A994C9ADE3,
				2CFF8A716DE6D49B2A5062FB,
				60F1ACF5F83FF9FB02A73B8B,
				245985BF47361F0039E7BA38,
				30F85E91FD99AB3B9FB28BF1,
				C752DC04C2E20B809CB45972,
				E73E3178D484DFBB5BA50FE9,
				4599068115DD6CD794E8323F,
				63259D9D017B6725B4AAAAEB,
				D51037AD17DFC85B89CA5A7E,
			);
			name = backend;
			sourceTree = "<group>";
		};
		8807B25B52484858B2EB1940 = {
			isa = PBXGroup;
			children = (
				E48BC3863D3A8834A615E671,
				D2E69766F68646B93469D394,
				ABF893564A2C1B45BBEDA0AC,
				44A21E469FF1F753A18A327D,
				A108025783B472856006C303,
				ED5DF91ADC96A0F1797321FC,
				7DE00050EBF967D20CB3116D,
				5E8AEA5C086B7E2A2AC5DABF,
				F58F38D045F20D56AFAAED15,
				8031CBE88B5C18EA24910C03,
				6FF5E8CCF2AF91A7132889EC,
				FF76A1A39449772B066B593C,
				61DA759A7DCD1491201628C3,
				9F466BA5690C104B38D332B8,
			);
			name = core;
			sourceTree = "<group>";
		};
		7C75DBF9FDF893366B284CC4 = {
			isa = PBXGroup;
			children = (
				FC07713B5F839CE3C7190273,
				FA29305016717FCB03A4ABAD,
				728D14A100DA4D4D9D450248,
				E65AEEEAF0CF778A8AD9E724,
				3D7BC5C00E60D4DD1D3B42F3,
				92F625BA9F3D06F5C4FA74AB,
				F9385A1330ACD52834C08E9E,
			);
			name = freestanding;
			sourceTree = "<group>";
		};
		7FA590128A2E9660B0437A5D = {
			isa = PBXGroup;
			children = (
				06FB8541E02055EBF9E9C99F,
				CF78A329FF2DE253FCC1D167,
				BBB2C52EA2B5469F5994CE3E,
				DB7E663D9100B2EEA77C4B61,
				F9ADE7E66FC423DEABB621B9,
				BA8AFF733C36DFAA600BCEB8,
				1C5FCE599172085EF6918BC9,
				15C54D4DCB7ECD3459B9E7F5,
				11DF8EA000AC200CDF7E0F0E,
				3D5B9B15F4B37F085A8B3478,
				26EA29ABDF71B355D43D85B0,
				5F357853EB2A9ED3FA92FBC6,
				8946A42D4D4DC484E68C964B,
				085D756A0165386C552299D3,
				B625A62F35224C789943051E,
				EFEDF0C0E63B849A293D2A8E,
			);
			name = util;
			sourceTree = "<group>";
		};
		1D85FEEC92765BD8A7131B1D = {
			isa = PBXGroup;
			children = (
				371176455202A43D39B96A2D,
				E2A9F973D4D5C9E7EC7FE00A,
				8807B25B52484858B2EB1940,
				7C75DBF9FDF893366B284CC4,
				7FA590128A2E9660B0437A5D,
				72914E6F88DD21F0B5C6B7B1,
			);
			name = matplot;
			sourceTree = "<group>";
		};
		B2B997504E5AC8CD152B29CA = {
			isa = PBXGroup;
			children = (
				24A845626A3ABA209B992131,
				1D85FEEC92765BD8A7131B1D,
			);
			name = source;
			sourceTree = "<group>";
		};
		E6A2FC6434AF7B3CECD57FE9 = {
			isa = PBXGroup;
			children = (
				B2B997504E5AC8CD152B29CA,
			);
			name = matplotplusplus;
			sourceTree = "<group>";
		};
		67DD36FB6859C3EBD87F85A6 = {
			isa = PBXGroup;
			children = (
				E6A2FC6434AF7B3CECD57FE9,
				7D4907623F557A56CEE71974,
			);
			name = ThirdParty;
			sourceTree = "<group>";
		};
		9B96B70C6888DBBAFB160540 = {
			isa = PBXGroup;
			children = (
				35CD49117E61576479C49B9D,
				81C8D1056733DDD840D09313,
				3546C3390C11AA1633EEF50E,
			);
			name = Public;
			sourceTree = "<group>";
		};
		1EA188E58BCDB38694879B2C = {
			isa = PBXGroup;
			children = (
				0707EC3A4E1DDF43301F4913,
			);
			name = CPP;
			sourceTree = "<group>";
		};
		1D29FE4606A2D8DF4D7A696C = {
			isa = PBXGroup;
			children = (
				109678623E9CD0C77202CB08,
				2F9FA04C0F40BA338FFE0780,
				E880EC1EEE5D0DA1B1A3162F,
				7ECD6F06F405D693DBD17B98,
			);
			name = Simulators;
			sourceTree = "<group>";
		};
		2E35202732462E037F1D39E4 = {
			isa = PBXGroup;
			children = (
				1D29FE4606A2D8DF4D7A696C,
				6FA7401ABB0DD0217DFCE0B7,
				EE5A4DFBFB083FFA24C04847,
				51AEE0E3931BC98051493CD6,
				2059C9BD7A495C812A606E93,
				2285C1DA2D42D70EF22BD4E2,
			);
			name = Private;
			sourceTree = "<group>";
		};
		48CB7AF8385250D3B204FFA8 = {
			isa = PBXGroup;
			children = (
				3D23EA536CD824E5F04F1EDC,
				4C79FA3AEEFA1E5AC2692723,
				047F976D4C98DC37138219B2,
				D5989627A864A8B8A4CDC595,
			);
			name = Simulators;
			sourceTree = "<group>";
		};
		680B5DF5DF8926ABD8FAA7BD = {
			isa = PBXGroup;
			children = (
				48CB7AF8385250D3B204FFA8,
				8A936F127DFBB7BB4E9A5DD9,
				07894880A7A751895C590D78,
				CBB59A4EDC42B7D715DBCA46,
				384C12B37629136E188B646A,
				F91459296171DBAB19E71F30,
			);
			name = Public;
			sourceTree = "<group>";
		};
		DF0FA5D02AB28DD2B66AD2AA = {
			isa = PBXGroup;
			children = (
				2E35202732462E037F1D39E4,
				680B5DF5DF8926ABD8FAA7BD,
			);
			name = Objects;
			sourceTree = "<group>";
		};
		3458F94E03EC73123D20ACF1 = {
			isa = PBXGroup;
			children = (
				1EA188E58BCDB38694879B2C,
				DF0FA5D02AB28DD2B66AD2AA,
				551E51F15E43947C0B058503,
				B7649519BB9859247D1F7E3D,
				3225C17C7F122D08015737E4,
			);
			name = Private;
			sourceTree = "<group>";
		};
		BE4F0AE55C4214C106F63A49 = {
			isa = PBXGroup;
			children = (
				67DD36FB6859C3EBD87F85A6,
				9B96B70C6888DBBAFB160540,
				3458F94E03EC73123D20ACF1,
			);
			name = Source;
			sourceTree = "<group>";
		};
		55F408383C3DEDB4538F3A10 = {
			isa = PBXGroup;
			children = (
				BE4F0AE55C4214C106F63A49,
			);
			name = OpenPL;
			sourceTree = "<group>";
		};
		803D0FA67ECCCCFF55ACAD85 = {
			isa = PBXGroup;
			children = (
				7B35ED6222A689939EE07C49,
				4199D01C883218A4627C273C,
				19C4C87B9CD4D8B4324FFAB9,
				8B1F59E91D8F647F6370892D,
				1F6567C8324A14A8D7355A75,
				0677C6DCF74BC9C8A81802DE,
			);
			name = "JUCE Modules";
			sourceTree = "<group>";
		};
		9617DBF9A9CB057697B8A26C = {
			isa = PBXGroup;
			children = (
				D9DAD4F7EFC194BD9055618C,
				DD77E9FDEA5C9FEC1F8586AD,
				A63586C154FECEC69D193103,
				BF3DEF76F01006E00CC4BC75,
				D4622F60DE1EE12B5DBA41C5,
				034F21FBD6248FA4D5DABA03,
				3A216E9440DCB4B725246E7C,
			);
			name = "JUCE Library Code";
			sourceTree = "<group>";
		};
		FD8DED6CA8ADCCBDBAD9DD91 = {
			isa = PBXGroup;
			children = (
				F64C6713A4420824D4123860,
			);
			name = Resources;
			sourceTree = "<group>";
		};
		6D01A420E6FC46173DD87C1D = {
			isa = PBXGroup;
			children = (
				66C839285DD9CCEF3EB67ECD,
				86785150F1780F23843A3C8C,
				44506EBDD0F51CC4FE8BFD0F,
				65962C6FA98F0FD139666933,
				2E7E0C93B6752CB3D90B7118,
				57A3FDE20BEC9994063DB917,
			);
			name = Frameworks;
			sourceTree = "<group>";
		};
		75B5ED3AE87A1158B9030A41 = {
			isa = PBXGroup;
			children = (
				CE3C4222DEC3238722C3F509,
			);
			name = Products;
			sourceTree = "<group>";
		};
		6A5F468EA8018D3A1785BD04 = {
			isa = PBXGroup;
			children = (
				55F408383C3DEDB4538F3A10,
				803D0FA67ECCCCFF55ACAD85,
				9617DBF9A9CB057697B8A26C,
				FD8DED6CA8ADCCBDBAD9DD91,
				6D01A420E6FC46173DD87C1D,
				75B5ED3AE87A1158B9030A41,
			);
			name = Source;
			sourceTree = "<group>";
		};
		D85DF277205D76876BC5A599 = {
			isa = XCBuildConfiguration;
			buildSettings = {
				CLANG_CXX_LANGUAGE_STANDARD = "c++17";
				CLANG_CXX_LIBRARY = "libc++";
				CLANG_LINK_OBJC_RUNTIME = NO;
				CODE_SIGN_IDENTITY = "";
				COMBINE_HIDPI_IMAGES = YES;
				CONFIGURATION_BUILD_DIR = "$(PROJECT_DIR)/build/$(CONFIGURATION)";
				COPY_PHASE_STRIP = NO;
				GCC_DYNAMIC_NO_PIC = NO;
				GCC_OPTIMIZATION_LEVEL = 0;
				GCC_PREPROCESSOR_DEFINITIONS = (
					"_DEBUG=1",
					"DEBUG=1",
					"JUCE_DISPLAY_SPLASH_SCREEN=1",
					"JUCE_USE_DARK_SPLASH_SCREEN=1",
					"JUCE_PROJUCER_VERSION=0x60007",
					"JUCE_MODULE_AVAILABLE_juce_core=1",
					"JUCE_MODULE_AVAILABLE_juce_data_structures=1",
					"JUCE_MODULE_AVAILABLE_juce_events=1",
					"JUCE_MODULE_AVAILABLE_juce_graphics=1",
					"JUCE_MODULE_AVAILABLE_juce_gui_basics=1",
					"JUCE_MODULE_AVAILABLE_juce_gui_extra=1",
					"JUCE_GLOBAL_MODULE_SETTINGS_INCLUDED=1",
					"JUCE_STRICT_REFCOUNTEDPOINTER=1",
					"JUCE_STANDALONE_APPLICATION=0",
					"JUCE_DLL_BUILD=1",
					"JUCER_XCODE_MAC_F6D2F4CF=1",
					"JUCE_APP_VERSION=1.0.0",
					"JUCE_APP_VERSION_HEX=0x10000",
					"JucePlugin_Build_VST=0",
					"JucePlugin_Build_VST3=0",
					"JucePlugin_Build_AU=0",
					"JucePlugin_Build_AUv3=0",
					"JucePlugin_Build_RTAS=0",
					"JucePlugin_Build_AAX=0",
					"JucePlugin_Build_Standalone=0",
					"JucePlugin_Build_Unity=0",
				);
				GCC_VERSION = com.apple.compilers.llvm.clang.1_0;
				HEADER_SEARCH_PATHS = (
					"$(SRCROOT)/../../JuceLibraryCode",
					"$(SRCROOT)/../../External/JUCE/modules",
					"/usr/local/include",
					"$(SRCROOT)/../../External/libigl/include",
					"$(SRCROOT)/../../External/libigl/external/eigen",
					"$(SRCROOT)/../../External/libigl/external/glad/include",
					"$(SRCROOT)/../../External/matplotplusplus/source",
					"$(SRCROOT)/../../External/matplotplusplus/source/3rd_party/nodesoup/include",
					"$(SRCROOT)/../../External/matplotplusplus/source/3rd_party/cimg",
					"$(SRCROOT)/../../Source/Public",
					"$(SRCROOT)/../../Source/Private",
					"$(SRCROOT)/../../Source/Private/Objects/Public",
					"$(inherited)",
				);
				LIBRARY_SEARCH_PATHS = (
					"$(inherited)",
					"\"/usr/local/lib\"",
				);
				MACOSX_DEPLOYMENT_TARGET = 10.15;
				MTL_HEADER_SEARCH_PATHS = (
					"$(SRCROOT)/../../JuceLibraryCode",
					"$(SRCROOT)/../../External/JUCE/modules",
					"/usr/local/include",
					"$(SRCROOT)/../../External/libigl/include",
					"$(SRCROOT)/../../External/libigl/external/eigen",
					"$(SRCROOT)/../../External/libigl/external/glad/include",
					"$(SRCROOT)/../../External/matplotplusplus/source",
					"$(SRCROOT)/../../External/matplotplusplus/source/3rd_party/nodesoup/include",
					"$(SRCROOT)/../../External/matplotplusplus/source/3rd_party/cimg",
					"$(SRCROOT)/../../Source/Public",
					"$(SRCROOT)/../../Source/Private",
					"$(SRCROOT)/../../Source/Private/Objects/Public",
				);
				OTHER_LDFLAGS = "-lglfw -lgmp -lmpfr -lboost_thread-mt -lboost_timer -lx11";
				PRODUCT_BUNDLE_IDENTIFIER = com.JamesKelly.OpenPL;
				PRODUCT_NAME = "OpenPL";
				USE_HEADERMAP = NO;
				VALID_ARCHS = "x86_64";
			};
			name = Debug;
		};
		1EA38800268890105DE79E9C = {
			isa = XCBuildConfiguration;
			buildSettings = {
				CLANG_CXX_LANGUAGE_STANDARD = "c++17";
				CLANG_CXX_LIBRARY = "libc++";
				CLANG_LINK_OBJC_RUNTIME = NO;
				CODE_SIGN_IDENTITY = "";
				COMBINE_HIDPI_IMAGES = YES;
				CONFIGURATION_BUILD_DIR = "$(PROJECT_DIR)/build/$(CONFIGURATION)";
				DEAD_CODE_STRIPPING = YES;
				GCC_GENERATE_DEBUGGING_SYMBOLS = NO;
				GCC_OPTIMIZATION_LEVEL = 3;
				GCC_PREPROCESSOR_DEFINITIONS = (
					"_NDEBUG=1",
					"NDEBUG=1",
					"JUCE_DISPLAY_SPLASH_SCREEN=1",
					"JUCE_USE_DARK_SPLASH_SCREEN=1",
					"JUCE_PROJUCER_VERSION=0x60007",
					"JUCE_MODULE_AVAILABLE_juce_core=1",
					"JUCE_MODULE_AVAILABLE_juce_data_structures=1",
					"JUCE_MODULE_AVAILABLE_juce_events=1",
					"JUCE_MODULE_AVAILABLE_juce_graphics=1",
					"JUCE_MODULE_AVAILABLE_juce_gui_basics=1",
					"JUCE_MODULE_AVAILABLE_juce_gui_extra=1",
					"JUCE_GLOBAL_MODULE_SETTINGS_INCLUDED=1",
					"JUCE_STRICT_REFCOUNTEDPOINTER=1",
					"JUCE_STANDALONE_APPLICATION=0",
					"JUCE_DLL_BUILD=1",
					"JUCER_XCODE_MAC_F6D2F4CF=1",
					"JUCE_APP_VERSION=1.0.0",
					"JUCE_APP_VERSION_HEX=0x10000",
					"JucePlugin_Build_VST=0",
					"JucePlugin_Build_VST3=0",
					"JucePlugin_Build_AU=0",
					"JucePlugin_Build_AUv3=0",
					"JucePlugin_Build_RTAS=0",
					"JucePlugin_Build_AAX=0",
					"JucePlugin_Build_Standalone=0",
					"JucePlugin_Build_Unity=0",
				);
				GCC_VERSION = com.apple.compilers.llvm.clang.1_0;
				HEADER_SEARCH_PATHS = (
					"$(SRCROOT)/../../JuceLibraryCode",
					"$(SRCROOT)/../../External/JUCE/modules",
					"/usr/local/include",
					"$(SRCROOT)/../../External/libigl/include",
					"$(SRCROOT)/../../External/libigl/external/eigen",
					"$(SRCROOT)/../../External/libigl/external/glad/include",
					"$(SRCROOT)/../../External/matplotplusplus/source",
					"$(SRCROOT)/../../External/matplotplusplus/source/3rd_party/nodesoup/include",
					"$(SRCROOT)/../../External/matplotplusplus/source/3rd_party/cimg",
					"$(SRCROOT)/../../Source/Public",
					"$(SRCROOT)/../../Source/Private",
					"$(SRCROOT)/../../Source/Private/Objects/Public",
					"$(inherited)",
				);
				LIBRARY_SEARCH_PATHS = (
					"$(inherited)",
					"\"/usr/local/lib\"",
				);
				LLVM_LTO = YES;
				MACOSX_DEPLOYMENT_TARGET = 10.15;
				MTL_HEADER_SEARCH_PATHS = (
					"$(SRCROOT)/../../JuceLibraryCode",
					"$(SRCROOT)/../../External/JUCE/modules",
					"/usr/local/include",
					"$(SRCROOT)/../../External/libigl/include",
					"$(SRCROOT)/../../External/libigl/external/eigen",
					"$(SRCROOT)/../../External/libigl/external/glad/include",
					"$(SRCROOT)/../../External/matplotplusplus/source",
					"$(SRCROOT)/../../External/matplotplusplus/source/3rd_party/nodesoup/include",
					"$(SRCROOT)/../../External/matplotplusplus/source/3rd_party/cimg",
					"$(SRCROOT)/../../Source/Public",
					"$(SRCROOT)/../../Source/Private",
					"$(SRCROOT)/../../Source/Private/Objects/Public",
				);
				OTHER_LDFLAGS = "-lglfw -lgmp -lmpfr -lboost_thread-mt -lboost_timer -lx11";
				PRODUCT_BUNDLE_IDENTIFIER = com.JamesKelly.OpenPL;
				PRODUCT_NAME = "OpenPL";
				USE_HEADERMAP = NO;
				VALID_ARCHS = "x86_64";
			};
			name = Release;
		};
		B09C7451E609FB70158F2E43 = {
			isa = XCBuildConfiguration;
			buildSettings = {
				ALWAYS_SEARCH_USER_PATHS = NO;
				CLANG_ENABLE_OBJC_WEAK = YES;
				CLANG_WARN_BLOCK_CAPTURE_AUTORELEASING = YES;
				CLANG_WARN_BOOL_CONVERSION = YES;
				CLANG_WARN_COMMA = YES;
				CLANG_WARN_CONSTANT_CONVERSION = YES;
				CLANG_WARN_DEPRECATED_OBJC_IMPLEMENTATIONS = YES;
				CLANG_WARN_EMPTY_BODY = YES;
				CLANG_WARN_ENUM_CONVERSION = YES;
				CLANG_WARN_INFINITE_RECURSION = YES;
				CLANG_WARN_INT_CONVERSION = YES;
				CLANG_WARN_NON_LITERAL_NULL_CONVERSION = YES;
				CLANG_WARN_OBJC_IMPLICIT_RETAIN_SELF = YES;
				CLANG_WARN_OBJC_LITERAL_CONVERSION = YES;
				CLANG_WARN_RANGE_LOOP_ANALYSIS = YES;
				CLANG_WARN_STRICT_PROTOTYPES = YES;
				CLANG_WARN_SUSPICIOUS_MOVE = YES;
				CLANG_WARN_UNREACHABLE_CODE = YES;
				CLANG_WARN__DUPLICATE_METHOD_MATCH = YES;
				CODE_SIGN_IDENTITY = "";
				DEBUG_INFORMATION_FORMAT = dwarf;
				ENABLE_STRICT_OBJC_MSGSEND = YES;
				ENABLE_TESTABILITY = NO;
				GCC_C_LANGUAGE_STANDARD = c11;
				GCC_INLINES_ARE_PRIVATE_EXTERN = YES;
				GCC_MODEL_TUNING = G5;
				GCC_NO_COMMON_BLOCKS = YES;
				GCC_SYMBOLS_PRIVATE_EXTERN = YES;
				GCC_WARN_64_TO_32_BIT_CONVERSION = YES;
				GCC_WARN_ABOUT_RETURN_TYPE = YES;
				GCC_WARN_CHECK_SWITCH_STATEMENTS = YES;
				GCC_WARN_MISSING_PARENTHESES = YES;
				GCC_WARN_NON_VIRTUAL_DESTRUCTOR = YES;
				GCC_WARN_TYPECHECK_CALLS_TO_PRINTF = YES;
				GCC_WARN_UNDECLARED_SELECTOR = YES;
				GCC_WARN_UNINITIALIZED_AUTOS = YES;
				GCC_WARN_UNUSED_FUNCTION = YES;
				GCC_WARN_UNUSED_VARIABLE = YES;
				ONLY_ACTIVE_ARCH = YES;
				PRODUCT_NAME = "OpenPL";
				SDKROOT = macosx;
				WARNING_CFLAGS = "-Wreorder";
				ZERO_LINK = NO;
			};
			name = Debug;
		};
		85524A29EBE31871AFD213DF = {
			isa = XCBuildConfiguration;
			buildSettings = {
				ALWAYS_SEARCH_USER_PATHS = NO;
				CLANG_ENABLE_OBJC_WEAK = YES;
				CLANG_WARN_BLOCK_CAPTURE_AUTORELEASING = YES;
				CLANG_WARN_BOOL_CONVERSION = YES;
				CLANG_WARN_COMMA = YES;
				CLANG_WARN_CONSTANT_CONVERSION = YES;
				CLANG_WARN_DEPRECATED_OBJC_IMPLEMENTATIONS = YES;
				CLANG_WARN_EMPTY_BODY = YES;
				CLANG_WARN_ENUM_CONVERSION = YES;
				CLANG_WARN_INFINITE_RECURSION = YES;
				CLANG_WARN_INT_CONVERSION = YES;
				CLANG_WARN_NON_LITERAL_NULL_CONVERSION = YES;
				CLANG_WARN_OBJC_IMPLICIT_RETAIN_SELF = YES;
				CLANG_WARN_OBJC_LITERAL_CONVERSION = YES;
				CLANG_WARN_RANGE_LOOP_ANALYSIS = YES;
				CLANG_WARN_STRICT_PROTOTYPES = YES;
				CLANG_WARN_SUSPICIOUS_MOVE = YES;
				CLANG_WARN_UNREACHABLE_CODE = YES;
				CLANG_WARN__DUPLICATE_METHOD_MATCH = YES;
				CODE_SIGN_IDENTITY = "";
				DEBUG_INFORMATION_FORMAT = dwarf;
				ENABLE_STRICT_OBJC_MSGSEND = YES;
				ENABLE_TESTABILITY = NO;
				GCC_C_LANGUAGE_STANDARD = c11;
				GCC_INLINES_ARE_PRIVATE_EXTERN = YES;
				GCC_MODEL_TUNING = G5;
				GCC_NO_COMMON_BLOCKS = YES;
				GCC_SYMBOLS_PRIVATE_EXTERN = YES;
				GCC_WARN_64_TO_32_BIT_CONVERSION = YES;
				GCC_WARN_ABOUT_RETURN_TYPE = YES;
				GCC_WARN_CHECK_SWITCH_STATEMENTS = YES;
				GCC_WARN_MISSING_PARENTHESES = YES;
				GCC_WARN_NON_VIRTUAL_DESTRUCTOR = YES;
				GCC_WARN_TYPECHECK_CALLS_TO_PRINTF = YES;
				GCC_WARN_UNDECLARED_SELECTOR = YES;
				GCC_WARN_UNINITIALIZED_AUTOS = YES;
				GCC_WARN_UNUSED_FUNCTION = YES;
				GCC_WARN_UNUSED_VARIABLE = YES;
				PRODUCT_NAME = "OpenPL";
				SDKROOT = macosx;
				WARNING_CFLAGS = "-Wreorder";
				ZERO_LINK = NO;
			};
			name = Release;
		};
		F2FB030B70BB6B1CD38129EB = {
			isa = XCConfigurationList;
			buildConfigurations = (
				B09C7451E609FB70158F2E43,
				85524A29EBE31871AFD213DF,
			);
			defaultConfigurationIsVisible = 0;
			defaultConfigurationName = Debug;
		};
		10D9CA7AC8636634B42712CF = {
			isa = XCConfigurationList;
			buildConfigurations = (
				D85DF277205D76876BC5A599,
				1EA38800268890105DE79E9C,
			);
			defaultConfigurationIsVisible = 0;
			defaultConfigurationName = Debug;
		};
		5FE8E31A1D9D2CF2C0F617C4 = {
			isa = PBXResourcesBuildPhase;
			buildActionMask = 2147483647;
			files = (
				DB75082D30157347F86A1797,
			);
			runOnlyForDeploymentPostprocessing = 0;
		};
		42DEB8E15DAC49089276ABFD = {
			isa = PBXSourcesBuildPhase;
			buildActionMask = 2147483647;
			files = (
				B16845179719A02E762DE4C8,
				F75BCC42F28B07EF37C97BC1,
				CA97B7550931680761E1E169,
				CBD76A7D849072818F40CDFF,
				8B31871A99E5967761F29008,
				14E5D5751F32CFCB7E093750,
				27117E027E82180C671E4FF0,
				65B9BAD9D32EE204B0E33368,
				7F8FD76FE3AA8B1EBCB7EE88,
				4FF6FDE8AF8039C66D7D7F25,
				3BF54BD45D62857D8F0E5BEE,
				93E57B89D162B5D5AC4334D1,
				C042DFBF43DB19D18D8578A0,
				E8A69AAED1D9B786B325BD69,
				22492385293DFE8FE3768C4C,
				9140FBC959D69B82640D6ABE,
				2D65BE78D5F508FD9A8EEE98,
				8BD95F908B86734C96F271CD,
				D2DAD9EE4CA96F2CC57B59EF,
				91D7E5BED6C12327AA34537C,
				ACFD9FE63A50F49F6B26F3AC,
				B458866B6F50F7BD2FBF5571,
				7D2D619A0F6E132672AA130E,
				A837692CB147388ACBA5E938,
				33B4E96EE841D67BC1B4587C,
				CF18BF284C0853EEF95BF424,
				DAE17482A7D650FB2AB506E8,
				0BF3E688A3AAD93DBA382A8F,
				3076CF64981D9BF73AA85DE0,
				111258B55E24D0775A06524C,
				AD16E17533848DC866513A7C,
				0377B1EC5650A1C489DF7991,
				78D5CEC313F76C07FF305CCF,
				BC5E53601B6DA2D02A73CF80,
				BC132284AAC3E65B7BD72519,
				1DF4CD78FDE827BE5937C4FE,
				81EF62862D179D7E9F6440BF,
				82F543D577AB12F12A864B5E,
				ABD66A59B5EB0E46DE252470,
				C55B1C64F00D553FC36720E6,
				E26C2AB53BF70A381E44947F,
				031AB397D2342573684B6B34,
				EE428D8FB76CBFFC1E3B0A56,
				FF6A790CCE812891ABF6C1A3,
				CFB17D69D1105BD410A3C27B,
				126A91437EE679E30DA35E5A,
				851C4AD42B6A2BE6F064620C,
				4E0983667197F22375524F37,
				659436F445C7402412FEBAB6,
				FF3F43DF8DD11EF9DBAEA2E1,
				D7894FCB90431EB2E838612D,
				55EFB4A5CB56DB76E216EA3D,
				CFCC44D4AE5B6BA947D78F1A,
				05AAB0A0F7799DFC5DA83F36,
				71E812CC40A10F660EEF0DFC,
				3B3E50F07EF06E0CEE4F7BC7,
				3AA6796FAC831EB721783F02,
				ED89B48E37B600C96A37DB2D,
				94B0F53CED581877FC256FF8,
				ADAF7234EC77DE9405E1D926,
				7C6E3DA1BEB7D61B6B749E80,
			);
			runOnlyForDeploymentPostprocessing = 0;
		};
		E12AFD8D7A7CE5E000DDAEE2 = {
			isa = PBXFrameworksBuildPhase;
			buildActionMask = 2147483647;
			files = (
				B156A6678A669903496E7E42,
				890DF45C17265D9A2D2DB941,
				1878A2C7E7CF2C9BFD25A06B,
				FA4148195505F09468E3CE16,
				F49E08706B179F3F38AA17D4,
				C04E896903F94842709B9AC7,
			);
			runOnlyForDeploymentPostprocessing = 0;
		};
		D2C4627533FE62C50C35CF16 = {
			isa = PBXNativeTarget;
			buildConfigurationList = 10D9CA7AC8636634B42712CF;
			buildPhases = (
				5FE8E31A1D9D2CF2C0F617C4,
				42DEB8E15DAC49089276ABFD,
				E12AFD8D7A7CE5E000DDAEE2,
			);
			buildRules = ( );
			dependencies = ( );
			name = "OpenPL - Dynamic Library";
			productName = OpenPL;
			productReference = CE3C4222DEC3238722C3F509;
			productType = "com.apple.product-type.library.dynamic";
		};
		A6C1BE7EABF199670C2074E0 = {
			isa = PBXProject;
			buildConfigurationList = F2FB030B70BB6B1CD38129EB;
			attributes = { LastUpgradeCheck = 1230; ORGANIZATIONNAME = "James Kelly"; };
			compatibilityVersion = "Xcode 3.2";
			hasScannedForEncodings = 0;
			mainGroup = 6A5F468EA8018D3A1785BD04;
			projectDirPath = "";
			projectRoot = "";
			targets = (D2C4627533FE62C50C35CF16);
			knownRegions = (en, Base);
		};
	};
	rootObject = A6C1BE7EABF199670C2074E0;
}
